// !$*UTF8*$!
{
	archiveVersion = 1;
	classes = {
	};
	objectVersion = 55;
	objects = {

/* Begin PBXBuildFile section */
		3A6ADAF628A9629B00461A46 /* AuthViewController.swift in Sources */ = {isa = PBXBuildFile; fileRef = 3A6ADAF428A9629B00461A46 /* AuthViewController.swift */; };
		3A6ADAF728A9629B00461A46 /* AuthViewController.xib in Resources */ = {isa = PBXBuildFile; fileRef = 3A6ADAF528A9629B00461A46 /* AuthViewController.xib */; };
		3A6ADAFA28A9752300461A46 /* ColorsStorage.swift in Sources */ = {isa = PBXBuildFile; fileRef = 3A6ADAF928A9752300461A46 /* ColorsStorage.swift */; };
		3A6ADAFD28AA432D00461A46 /* ImagesStorage.swift in Sources */ = {isa = PBXBuildFile; fileRef = 3A6ADAFC28AA432D00461A46 /* ImagesStorage.swift */; };
		3A82DD44289988D200453EE2 /* AppDelegate.swift in Sources */ = {isa = PBXBuildFile; fileRef = 3A82DD43289988D200453EE2 /* AppDelegate.swift */; };
		3A82DD4D289988D800453EE2 /* Assets.xcassets in Resources */ = {isa = PBXBuildFile; fileRef = 3A82DD4C289988D800453EE2 /* Assets.xcassets */; };
		3A82DD50289988D800453EE2 /* LaunchScreen.storyboard in Resources */ = {isa = PBXBuildFile; fileRef = 3A82DD4E289988D800453EE2 /* LaunchScreen.storyboard */; };
		3A82DD61289C4A9100453EE2 /* ProfileViewController.swift in Sources */ = {isa = PBXBuildFile; fileRef = 3A82DD5F289C4A9100453EE2 /* ProfileViewController.swift */; };
		3A82DD62289C4A9100453EE2 /* ProfileViewController.xib in Resources */ = {isa = PBXBuildFile; fileRef = 3A82DD60289C4A9100453EE2 /* ProfileViewController.xib */; };
		3A82DD65289C4BA900453EE2 /* AllPostsViewController.swift in Sources */ = {isa = PBXBuildFile; fileRef = 3A82DD63289C4BA900453EE2 /* AllPostsViewController.swift */; };
		3A82DD66289C4BA900453EE2 /* AllPostsViewController.xib in Resources */ = {isa = PBXBuildFile; fileRef = 3A82DD64289C4BA900453EE2 /* AllPostsViewController.xib */; };
		3A82DD69289C4BC000453EE2 /* FavoritePostsViewController.swift in Sources */ = {isa = PBXBuildFile; fileRef = 3A82DD67289C4BC000453EE2 /* FavoritePostsViewController.swift */; };
		3A82DD6A289C4BC000453EE2 /* FavoritePostsViewController.xib in Resources */ = {isa = PBXBuildFile; fileRef = 3A82DD68289C4BC000453EE2 /* FavoritePostsViewController.xib */; };
		3A82DD72289C4EC100453EE2 /* TabBarModel.swift in Sources */ = {isa = PBXBuildFile; fileRef = 3A82DD71289C4EC100453EE2 /* TabBarModel.swift */; };
		3A82DD74289C528600453EE2 /* TabBarConfigurator.swift in Sources */ = {isa = PBXBuildFile; fileRef = 3A82DD73289C528600453EE2 /* TabBarConfigurator.swift */; };
		3A82DD76289D82EF00453EE2 /* AllPostsModel.swift in Sources */ = {isa = PBXBuildFile; fileRef = 3A82DD75289D82EF00453EE2 /* AllPostsModel.swift */; };
		3A82DD79289D942100453EE2 /* AllPostsCollectionViewCell.swift in Sources */ = {isa = PBXBuildFile; fileRef = 3A82DD77289D942100453EE2 /* AllPostsCollectionViewCell.swift */; };
		3A82DD7A289D942100453EE2 /* AllPostsCollectionViewCell.xib in Resources */ = {isa = PBXBuildFile; fileRef = 3A82DD78289D942100453EE2 /* AllPostsCollectionViewCell.xib */; };
		3A82DD82289EA36900453EE2 /* DetailedPostViewController.swift in Sources */ = {isa = PBXBuildFile; fileRef = 3A82DD80289EA36900453EE2 /* DetailedPostViewController.swift */; };
		3A82DD83289EA36A00453EE2 /* DetailedPostViewController.xib in Resources */ = {isa = PBXBuildFile; fileRef = 3A82DD81289EA36900453EE2 /* DetailedPostViewController.xib */; };
		3A82DD87289EC25B00453EE2 /* DetailedPostImageTableViewCell.swift in Sources */ = {isa = PBXBuildFile; fileRef = 3A82DD85289EC25B00453EE2 /* DetailedPostImageTableViewCell.swift */; };
		3A82DD88289EC25B00453EE2 /* DetailedPostImageTableViewCell.xib in Resources */ = {isa = PBXBuildFile; fileRef = 3A82DD86289EC25B00453EE2 /* DetailedPostImageTableViewCell.xib */; };
		3A82DD8B289EC45400453EE2 /* DetailedPostTitleTableViewCell.swift in Sources */ = {isa = PBXBuildFile; fileRef = 3A82DD89289EC45400453EE2 /* DetailedPostTitleTableViewCell.swift */; };
		3A82DD8C289EC45400453EE2 /* DetailedPostTitleTableViewCell.xib in Resources */ = {isa = PBXBuildFile; fileRef = 3A82DD8A289EC45400453EE2 /* DetailedPostTitleTableViewCell.xib */; };
		3A82DD92289EC7B200453EE2 /* DetailedPostBodyTableViewCell.swift in Sources */ = {isa = PBXBuildFile; fileRef = 3A82DD90289EC7B200453EE2 /* DetailedPostBodyTableViewCell.swift */; };
		3A82DD93289EC7B200453EE2 /* DetailedPostBodyTableViewCell.xib in Resources */ = {isa = PBXBuildFile; fileRef = 3A82DD91289EC7B200453EE2 /* DetailedPostBodyTableViewCell.xib */; };
		3A82DD97289FE24500453EE2 /* SearchPostsViewController.swift in Sources */ = {isa = PBXBuildFile; fileRef = 3A82DD95289FE24500453EE2 /* SearchPostsViewController.swift */; };
		3A82DD98289FE24500453EE2 /* SearchPostsViewController.xib in Resources */ = {isa = PBXBuildFile; fileRef = 3A82DD96289FE24500453EE2 /* SearchPostsViewController.xib */; };
		3A82DD9C28A0159A00453EE2 /* DetailedPostBodyShortedTableViewCell.swift in Sources */ = {isa = PBXBuildFile; fileRef = 3A82DD9A28A0159A00453EE2 /* DetailedPostBodyShortedTableViewCell.swift */; };
		3A82DD9D28A0159A00453EE2 /* DetailedPostBodyShortedTableViewCell.xib in Resources */ = {isa = PBXBuildFile; fileRef = 3A82DD9B28A0159A00453EE2 /* DetailedPostBodyShortedTableViewCell.xib */; };
		3AE4172A28A12E34009E1AFE /* BaseTokenStorage.swift in Sources */ = {isa = PBXBuildFile; fileRef = 3AE4172928A12E34009E1AFE /* BaseTokenStorage.swift */; };
		3AE4172C28A12E42009E1AFE /* TokenContainer.swift in Sources */ = {isa = PBXBuildFile; fileRef = 3AE4172B28A12E42009E1AFE /* TokenContainer.swift */; };
		3AE4172E28A12E50009E1AFE /* TokenStorage.swift in Sources */ = {isa = PBXBuildFile; fileRef = 3AE4172D28A12E50009E1AFE /* TokenStorage.swift */; };
		3AE4173028A12E94009E1AFE /* AuthRequestModel.swift in Sources */ = {isa = PBXBuildFile; fileRef = 3AE4172F28A12E94009E1AFE /* AuthRequestModel.swift */; };
		3AE4173228A12EA3009E1AFE /* AuthResponseModel.swift in Sources */ = {isa = PBXBuildFile; fileRef = 3AE4173128A12EA3009E1AFE /* AuthResponseModel.swift */; };
		3AE4173428A12EAC009E1AFE /* AuthService.swift in Sources */ = {isa = PBXBuildFile; fileRef = 3AE4173328A12EAC009E1AFE /* AuthService.swift */; };
		3AE4173628A12EFA009E1AFE /* BaseNetworkTask.swift in Sources */ = {isa = PBXBuildFile; fileRef = 3AE4173528A12EFA009E1AFE /* BaseNetworkTask.swift */; };
		3AE4173828A12F05009E1AFE /* EmptyModel.swift in Sources */ = {isa = PBXBuildFile; fileRef = 3AE4173728A12F05009E1AFE /* EmptyModel.swift */; };
		3AE4173A28A12F12009E1AFE /* NetworkMethod.swift in Sources */ = {isa = PBXBuildFile; fileRef = 3AE4173928A12F12009E1AFE /* NetworkMethod.swift */; };
		3AE4173C28A12F1D009E1AFE /* NetworkTask.swift in Sources */ = {isa = PBXBuildFile; fileRef = 3AE4173B28A12F1D009E1AFE /* NetworkTask.swift */; };
		3AE4173E28A12F7D009E1AFE /* ImageLoader.swift in Sources */ = {isa = PBXBuildFile; fileRef = 3AE4173D28A12F7D009E1AFE /* ImageLoader.swift */; };
		3AE4174028A12FA9009E1AFE /* UIImageView+ImageLoader.swift in Sources */ = {isa = PBXBuildFile; fileRef = 3AE4173F28A12FA9009E1AFE /* UIImageView+ImageLoader.swift */; };
		3AE4174228A12FCE009E1AFE /* PictureResponseModel.swift in Sources */ = {isa = PBXBuildFile; fileRef = 3AE4174128A12FCE009E1AFE /* PictureResponseModel.swift */; };
		3AE4174428A12FDD009E1AFE /* PicturesService.swift in Sources */ = {isa = PBXBuildFile; fileRef = 3AE4174328A12FDD009E1AFE /* PicturesService.swift */; };
		3AE4174B28A18FF1009E1AFE /* PostsLoadErrorViewController.swift in Sources */ = {isa = PBXBuildFile; fileRef = 3AE4174928A18FF1009E1AFE /* PostsLoadErrorViewController.swift */; };
		3AE4174C28A18FF1009E1AFE /* PostsLoadErrorViewController.xib in Resources */ = {isa = PBXBuildFile; fileRef = 3AE4174A28A18FF1009E1AFE /* PostsLoadErrorViewController.xib */; };
		3AE4175428A291E6009E1AFE /* FavoritesStorage.swift in Sources */ = {isa = PBXBuildFile; fileRef = 3AE4175328A291E6009E1AFE /* FavoritesStorage.swift */; };
/* End PBXBuildFile section */

/* Begin PBXFileReference section */
		3A6ADAF428A9629B00461A46 /* AuthViewController.swift */ = {isa = PBXFileReference; lastKnownFileType = sourcecode.swift; path = AuthViewController.swift; sourceTree = "<group>"; };
		3A6ADAF528A9629B00461A46 /* AuthViewController.xib */ = {isa = PBXFileReference; lastKnownFileType = file.xib; path = AuthViewController.xib; sourceTree = "<group>"; };
		3A6ADAF928A9752300461A46 /* ColorsStorage.swift */ = {isa = PBXFileReference; lastKnownFileType = sourcecode.swift; path = ColorsStorage.swift; sourceTree = "<group>"; };
		3A6ADAFC28AA432D00461A46 /* ImagesStorage.swift */ = {isa = PBXFileReference; lastKnownFileType = sourcecode.swift; path = ImagesStorage.swift; sourceTree = "<group>"; };
		3A82DD40289988D200453EE2 /* SurfSummerSchoolProject.app */ = {isa = PBXFileReference; explicitFileType = wrapper.application; includeInIndex = 0; path = SurfSummerSchoolProject.app; sourceTree = BUILT_PRODUCTS_DIR; };
		3A82DD43289988D200453EE2 /* AppDelegate.swift */ = {isa = PBXFileReference; lastKnownFileType = sourcecode.swift; path = AppDelegate.swift; sourceTree = "<group>"; };
		3A82DD4C289988D800453EE2 /* Assets.xcassets */ = {isa = PBXFileReference; lastKnownFileType = folder.assetcatalog; path = Assets.xcassets; sourceTree = "<group>"; };
		3A82DD4F289988D800453EE2 /* Base */ = {isa = PBXFileReference; lastKnownFileType = file.storyboard; name = Base; path = Base.lproj/LaunchScreen.storyboard; sourceTree = "<group>"; };
		3A82DD51289988D800453EE2 /* Info.plist */ = {isa = PBXFileReference; lastKnownFileType = text.plist.xml; path = Info.plist; sourceTree = "<group>"; };
		3A82DD5F289C4A9100453EE2 /* ProfileViewController.swift */ = {isa = PBXFileReference; lastKnownFileType = sourcecode.swift; path = ProfileViewController.swift; sourceTree = "<group>"; };
		3A82DD60289C4A9100453EE2 /* ProfileViewController.xib */ = {isa = PBXFileReference; lastKnownFileType = file.xib; path = ProfileViewController.xib; sourceTree = "<group>"; };
		3A82DD63289C4BA900453EE2 /* AllPostsViewController.swift */ = {isa = PBXFileReference; lastKnownFileType = sourcecode.swift; path = AllPostsViewController.swift; sourceTree = "<group>"; };
		3A82DD64289C4BA900453EE2 /* AllPostsViewController.xib */ = {isa = PBXFileReference; lastKnownFileType = file.xib; path = AllPostsViewController.xib; sourceTree = "<group>"; };
		3A82DD67289C4BC000453EE2 /* FavoritePostsViewController.swift */ = {isa = PBXFileReference; lastKnownFileType = sourcecode.swift; path = FavoritePostsViewController.swift; sourceTree = "<group>"; };
		3A82DD68289C4BC000453EE2 /* FavoritePostsViewController.xib */ = {isa = PBXFileReference; lastKnownFileType = file.xib; path = FavoritePostsViewController.xib; sourceTree = "<group>"; };
		3A82DD71289C4EC100453EE2 /* TabBarModel.swift */ = {isa = PBXFileReference; lastKnownFileType = sourcecode.swift; path = TabBarModel.swift; sourceTree = "<group>"; };
		3A82DD73289C528600453EE2 /* TabBarConfigurator.swift */ = {isa = PBXFileReference; lastKnownFileType = sourcecode.swift; path = TabBarConfigurator.swift; sourceTree = "<group>"; };
		3A82DD75289D82EF00453EE2 /* AllPostsModel.swift */ = {isa = PBXFileReference; lastKnownFileType = sourcecode.swift; path = AllPostsModel.swift; sourceTree = "<group>"; };
		3A82DD77289D942100453EE2 /* AllPostsCollectionViewCell.swift */ = {isa = PBXFileReference; lastKnownFileType = sourcecode.swift; path = AllPostsCollectionViewCell.swift; sourceTree = "<group>"; };
		3A82DD78289D942100453EE2 /* AllPostsCollectionViewCell.xib */ = {isa = PBXFileReference; lastKnownFileType = file.xib; path = AllPostsCollectionViewCell.xib; sourceTree = "<group>"; };
		3A82DD80289EA36900453EE2 /* DetailedPostViewController.swift */ = {isa = PBXFileReference; lastKnownFileType = sourcecode.swift; path = DetailedPostViewController.swift; sourceTree = "<group>"; };
		3A82DD81289EA36900453EE2 /* DetailedPostViewController.xib */ = {isa = PBXFileReference; lastKnownFileType = file.xib; path = DetailedPostViewController.xib; sourceTree = "<group>"; };
		3A82DD85289EC25B00453EE2 /* DetailedPostImageTableViewCell.swift */ = {isa = PBXFileReference; lastKnownFileType = sourcecode.swift; path = DetailedPostImageTableViewCell.swift; sourceTree = "<group>"; };
		3A82DD86289EC25B00453EE2 /* DetailedPostImageTableViewCell.xib */ = {isa = PBXFileReference; lastKnownFileType = file.xib; path = DetailedPostImageTableViewCell.xib; sourceTree = "<group>"; };
		3A82DD89289EC45400453EE2 /* DetailedPostTitleTableViewCell.swift */ = {isa = PBXFileReference; lastKnownFileType = sourcecode.swift; path = DetailedPostTitleTableViewCell.swift; sourceTree = "<group>"; };
		3A82DD8A289EC45400453EE2 /* DetailedPostTitleTableViewCell.xib */ = {isa = PBXFileReference; lastKnownFileType = file.xib; path = DetailedPostTitleTableViewCell.xib; sourceTree = "<group>"; };
		3A82DD90289EC7B200453EE2 /* DetailedPostBodyTableViewCell.swift */ = {isa = PBXFileReference; lastKnownFileType = sourcecode.swift; path = DetailedPostBodyTableViewCell.swift; sourceTree = "<group>"; };
		3A82DD91289EC7B200453EE2 /* DetailedPostBodyTableViewCell.xib */ = {isa = PBXFileReference; lastKnownFileType = file.xib; path = DetailedPostBodyTableViewCell.xib; sourceTree = "<group>"; };
		3A82DD95289FE24500453EE2 /* SearchPostsViewController.swift */ = {isa = PBXFileReference; lastKnownFileType = sourcecode.swift; path = SearchPostsViewController.swift; sourceTree = "<group>"; };
		3A82DD96289FE24500453EE2 /* SearchPostsViewController.xib */ = {isa = PBXFileReference; lastKnownFileType = file.xib; path = SearchPostsViewController.xib; sourceTree = "<group>"; };
		3A82DD9A28A0159A00453EE2 /* DetailedPostBodyShortedTableViewCell.swift */ = {isa = PBXFileReference; lastKnownFileType = sourcecode.swift; path = DetailedPostBodyShortedTableViewCell.swift; sourceTree = "<group>"; };
		3A82DD9B28A0159A00453EE2 /* DetailedPostBodyShortedTableViewCell.xib */ = {isa = PBXFileReference; lastKnownFileType = file.xib; path = DetailedPostBodyShortedTableViewCell.xib; sourceTree = "<group>"; };
		3AE4172928A12E34009E1AFE /* BaseTokenStorage.swift */ = {isa = PBXFileReference; lastKnownFileType = sourcecode.swift; path = BaseTokenStorage.swift; sourceTree = "<group>"; };
		3AE4172B28A12E42009E1AFE /* TokenContainer.swift */ = {isa = PBXFileReference; lastKnownFileType = sourcecode.swift; path = TokenContainer.swift; sourceTree = "<group>"; };
		3AE4172D28A12E50009E1AFE /* TokenStorage.swift */ = {isa = PBXFileReference; lastKnownFileType = sourcecode.swift; path = TokenStorage.swift; sourceTree = "<group>"; };
		3AE4172F28A12E94009E1AFE /* AuthRequestModel.swift */ = {isa = PBXFileReference; lastKnownFileType = sourcecode.swift; path = AuthRequestModel.swift; sourceTree = "<group>"; };
		3AE4173128A12EA3009E1AFE /* AuthResponseModel.swift */ = {isa = PBXFileReference; lastKnownFileType = sourcecode.swift; path = AuthResponseModel.swift; sourceTree = "<group>"; };
		3AE4173328A12EAC009E1AFE /* AuthService.swift */ = {isa = PBXFileReference; lastKnownFileType = sourcecode.swift; path = AuthService.swift; sourceTree = "<group>"; };
		3AE4173528A12EFA009E1AFE /* BaseNetworkTask.swift */ = {isa = PBXFileReference; lastKnownFileType = sourcecode.swift; path = BaseNetworkTask.swift; sourceTree = "<group>"; };
		3AE4173728A12F05009E1AFE /* EmptyModel.swift */ = {isa = PBXFileReference; lastKnownFileType = sourcecode.swift; path = EmptyModel.swift; sourceTree = "<group>"; };
		3AE4173928A12F12009E1AFE /* NetworkMethod.swift */ = {isa = PBXFileReference; lastKnownFileType = sourcecode.swift; path = NetworkMethod.swift; sourceTree = "<group>"; };
		3AE4173B28A12F1D009E1AFE /* NetworkTask.swift */ = {isa = PBXFileReference; lastKnownFileType = sourcecode.swift; path = NetworkTask.swift; sourceTree = "<group>"; };
		3AE4173D28A12F7D009E1AFE /* ImageLoader.swift */ = {isa = PBXFileReference; lastKnownFileType = sourcecode.swift; path = ImageLoader.swift; sourceTree = "<group>"; };
		3AE4173F28A12FA9009E1AFE /* UIImageView+ImageLoader.swift */ = {isa = PBXFileReference; lastKnownFileType = sourcecode.swift; path = "UIImageView+ImageLoader.swift"; sourceTree = "<group>"; };
		3AE4174128A12FCE009E1AFE /* PictureResponseModel.swift */ = {isa = PBXFileReference; lastKnownFileType = sourcecode.swift; path = PictureResponseModel.swift; sourceTree = "<group>"; };
		3AE4174328A12FDD009E1AFE /* PicturesService.swift */ = {isa = PBXFileReference; lastKnownFileType = sourcecode.swift; path = PicturesService.swift; sourceTree = "<group>"; };
		3AE4174928A18FF1009E1AFE /* PostsLoadErrorViewController.swift */ = {isa = PBXFileReference; lastKnownFileType = sourcecode.swift; path = PostsLoadErrorViewController.swift; sourceTree = "<group>"; };
		3AE4174A28A18FF1009E1AFE /* PostsLoadErrorViewController.xib */ = {isa = PBXFileReference; lastKnownFileType = file.xib; path = PostsLoadErrorViewController.xib; sourceTree = "<group>"; };
		3AE4175328A291E6009E1AFE /* FavoritesStorage.swift */ = {isa = PBXFileReference; lastKnownFileType = sourcecode.swift; path = FavoritesStorage.swift; sourceTree = "<group>"; };
/* End PBXFileReference section */

/* Begin PBXFrameworksBuildPhase section */
		3A82DD3D289988D200453EE2 /* Frameworks */ = {
			isa = PBXFrameworksBuildPhase;
			buildActionMask = 2147483647;
			files = (
			);
			runOnlyForDeploymentPostprocessing = 0;
		};
/* End PBXFrameworksBuildPhase section */

/* Begin PBXGroup section */
		3A6ADAF328A9627300461A46 /* AuthFlow */ = {
			isa = PBXGroup;
			children = (
				3A6ADAF428A9629B00461A46 /* AuthViewController.swift */,
				3A6ADAF528A9629B00461A46 /* AuthViewController.xib */,
			);
			path = AuthFlow;
			sourceTree = "<group>";
		};
		3A6ADAF828A9750C00461A46 /* ColorsStorage */ = {
			isa = PBXGroup;
			children = (
				3A6ADAF928A9752300461A46 /* ColorsStorage.swift */,
			);
			path = ColorsStorage;
			sourceTree = "<group>";
		};
		3A6ADAFB28AA431500461A46 /* ImagesStorage */ = {
			isa = PBXGroup;
			children = (
				3A6ADAFC28AA432D00461A46 /* ImagesStorage.swift */,
			);
			path = ImagesStorage;
			sourceTree = "<group>";
		};
		3A82DD37289988D200453EE2 = {
			isa = PBXGroup;
			children = (
				3A82DD42289988D200453EE2 /* SurfSummerSchoolProject */,
				3A82DD41289988D200453EE2 /* Products */,
			);
			sourceTree = "<group>";
		};
		3A82DD41289988D200453EE2 /* Products */ = {
			isa = PBXGroup;
			children = (
				3A82DD40289988D200453EE2 /* SurfSummerSchoolProject.app */,
			);
			name = Products;
			sourceTree = "<group>";
		};
		3A82DD42289988D200453EE2 /* SurfSummerSchoolProject */ = {
			isa = PBXGroup;
			children = (
				3A82DD43289988D200453EE2 /* AppDelegate.swift */,
				3AE4172428A12DD3009E1AFE /* Storage */,
				3AE4174628A18FAC009E1AFE /* SupportingViews */,
				3A82DD70289C4C4700453EE2 /* Application */,
				3A6ADAF328A9627300461A46 /* AuthFlow */,
				3A82DD6B289C4BCF00453EE2 /* MainFlow */,
				3AE4172228A12DBB009E1AFE /* Services */,
			);
			path = SurfSummerSchoolProject;
			sourceTree = "<group>";
		};
		3A82DD6B289C4BCF00453EE2 /* MainFlow */ = {
			isa = PBXGroup;
			children = (
				3A82DD94289FE16100453EE2 /* SearchPostsModule */,
				3A82DD6F289C4C2300453EE2 /* TabBar */,
				3A82DD6C289C4BF900453EE2 /* AllPostsModule */,
				3A82DD7B289EA27E00453EE2 /* DetailedPostModule */,
				3A82DD6E289C4C1800453EE2 /* FavoritePostsModule */,
				3A82DD6D289C4C0D00453EE2 /* ProfileModule */,
			);
			path = MainFlow;
			sourceTree = "<group>";
		};
		3A82DD6C289C4BF900453EE2 /* AllPostsModule */ = {
			isa = PBXGroup;
			children = (
				3A82DD63289C4BA900453EE2 /* AllPostsViewController.swift */,
				3A82DD64289C4BA900453EE2 /* AllPostsViewController.xib */,
				3A82DD75289D82EF00453EE2 /* AllPostsModel.swift */,
				3A82DD77289D942100453EE2 /* AllPostsCollectionViewCell.swift */,
				3A82DD78289D942100453EE2 /* AllPostsCollectionViewCell.xib */,
			);
			path = AllPostsModule;
			sourceTree = "<group>";
		};
		3A82DD6D289C4C0D00453EE2 /* ProfileModule */ = {
			isa = PBXGroup;
			children = (
				3A82DD5F289C4A9100453EE2 /* ProfileViewController.swift */,
				3A82DD60289C4A9100453EE2 /* ProfileViewController.xib */,
			);
			path = ProfileModule;
			sourceTree = "<group>";
		};
		3A82DD6E289C4C1800453EE2 /* FavoritePostsModule */ = {
			isa = PBXGroup;
			children = (
				3A82DD9928A0154F00453EE2 /* PostBodyShorted */,
				3A82DD67289C4BC000453EE2 /* FavoritePostsViewController.swift */,
				3A82DD68289C4BC000453EE2 /* FavoritePostsViewController.xib */,
			);
			path = FavoritePostsModule;
			sourceTree = "<group>";
		};
		3A82DD6F289C4C2300453EE2 /* TabBar */ = {
			isa = PBXGroup;
			children = (
				3A82DD71289C4EC100453EE2 /* TabBarModel.swift */,
				3A82DD73289C528600453EE2 /* TabBarConfigurator.swift */,
			);
			path = TabBar;
			sourceTree = "<group>";
		};
		3A82DD70289C4C4700453EE2 /* Application */ = {
			isa = PBXGroup;
			children = (
				3A82DD4E289988D800453EE2 /* LaunchScreen.storyboard */,
				3A82DD4C289988D800453EE2 /* Assets.xcassets */,
				3A82DD51289988D800453EE2 /* Info.plist */,
			);
			path = Application;
			sourceTree = "<group>";
		};
		3A82DD7B289EA27E00453EE2 /* DetailedPostModule */ = {
			isa = PBXGroup;
			children = (
				3A82DD84289EC1F500453EE2 /* Cells */,
				3A82DD80289EA36900453EE2 /* DetailedPostViewController.swift */,
				3A82DD81289EA36900453EE2 /* DetailedPostViewController.xib */,
			);
			path = DetailedPostModule;
			sourceTree = "<group>";
		};
		3A82DD84289EC1F500453EE2 /* Cells */ = {
			isa = PBXGroup;
			children = (
				3A82DD8F289EC77B00453EE2 /* PostBody */,
				3A82DD8E289EC77200453EE2 /* PostTitle */,
				3A82DD8D289EC76800453EE2 /* PostImage */,
			);
			path = Cells;
			sourceTree = "<group>";
		};
		3A82DD8D289EC76800453EE2 /* PostImage */ = {
			isa = PBXGroup;
			children = (
				3A82DD85289EC25B00453EE2 /* DetailedPostImageTableViewCell.swift */,
				3A82DD86289EC25B00453EE2 /* DetailedPostImageTableViewCell.xib */,
			);
			path = PostImage;
			sourceTree = "<group>";
		};
		3A82DD8E289EC77200453EE2 /* PostTitle */ = {
			isa = PBXGroup;
			children = (
				3A82DD89289EC45400453EE2 /* DetailedPostTitleTableViewCell.swift */,
				3A82DD8A289EC45400453EE2 /* DetailedPostTitleTableViewCell.xib */,
			);
			path = PostTitle;
			sourceTree = "<group>";
		};
		3A82DD8F289EC77B00453EE2 /* PostBody */ = {
			isa = PBXGroup;
			children = (
				3A82DD90289EC7B200453EE2 /* DetailedPostBodyTableViewCell.swift */,
				3A82DD91289EC7B200453EE2 /* DetailedPostBodyTableViewCell.xib */,
			);
			path = PostBody;
			sourceTree = "<group>";
		};
		3A82DD94289FE16100453EE2 /* SearchPostsModule */ = {
			isa = PBXGroup;
			children = (
				3A82DD95289FE24500453EE2 /* SearchPostsViewController.swift */,
				3A82DD96289FE24500453EE2 /* SearchPostsViewController.xib */,
			);
			path = SearchPostsModule;
			sourceTree = "<group>";
		};
		3A82DD9928A0154F00453EE2 /* PostBodyShorted */ = {
			isa = PBXGroup;
			children = (
				3A82DD9A28A0159A00453EE2 /* DetailedPostBodyShortedTableViewCell.swift */,
				3A82DD9B28A0159A00453EE2 /* DetailedPostBodyShortedTableViewCell.xib */,
			);
			path = PostBodyShorted;
			sourceTree = "<group>";
		};
		3AE4172228A12DBB009E1AFE /* Services */ = {
			isa = PBXGroup;
			children = (
				3AE4172328A12DCB009E1AFE /* Networking */,
			);
			path = Services;
			sourceTree = "<group>";
		};
		3AE4172328A12DCB009E1AFE /* Networking */ = {
			isa = PBXGroup;
			children = (
				3AE4172828A12E0D009E1AFE /* PicturesService */,
				3AE4172728A12E04009E1AFE /* ImageLoader */,
				3AE4172628A12DFC009E1AFE /* Core */,
				3AE4172528A12DF2009E1AFE /* AuthService */,
			);
			path = Networking;
			sourceTree = "<group>";
		};
		3AE4172428A12DD3009E1AFE /* Storage */ = {
			isa = PBXGroup;
			children = (
				3A6ADAFB28AA431500461A46 /* ImagesStorage */,
				3A6ADAF828A9750C00461A46 /* ColorsStorage */,
				3AE4175228A291B9009E1AFE /* FavoritesStorage */,
				3AE4175128A29076009E1AFE /* TokenStorage */,
			);
			path = Storage;
			sourceTree = "<group>";
		};
		3AE4172528A12DF2009E1AFE /* AuthService */ = {
			isa = PBXGroup;
			children = (
				3AE4172F28A12E94009E1AFE /* AuthRequestModel.swift */,
				3AE4173128A12EA3009E1AFE /* AuthResponseModel.swift */,
				3AE4173328A12EAC009E1AFE /* AuthService.swift */,
			);
			path = AuthService;
			sourceTree = "<group>";
		};
		3AE4172628A12DFC009E1AFE /* Core */ = {
			isa = PBXGroup;
			children = (
				3AE4173528A12EFA009E1AFE /* BaseNetworkTask.swift */,
				3AE4173728A12F05009E1AFE /* EmptyModel.swift */,
				3AE4173928A12F12009E1AFE /* NetworkMethod.swift */,
				3AE4173B28A12F1D009E1AFE /* NetworkTask.swift */,
			);
			path = Core;
			sourceTree = "<group>";
		};
		3AE4172728A12E04009E1AFE /* ImageLoader */ = {
			isa = PBXGroup;
			children = (
				3AE4173D28A12F7D009E1AFE /* ImageLoader.swift */,
				3AE4173F28A12FA9009E1AFE /* UIImageView+ImageLoader.swift */,
			);
			path = ImageLoader;
			sourceTree = "<group>";
		};
		3AE4172828A12E0D009E1AFE /* PicturesService */ = {
			isa = PBXGroup;
			children = (
				3AE4174128A12FCE009E1AFE /* PictureResponseModel.swift */,
				3AE4174328A12FDD009E1AFE /* PicturesService.swift */,
			);
			path = PicturesService;
			sourceTree = "<group>";
		};
		3AE4174628A18FAC009E1AFE /* SupportingViews */ = {
			isa = PBXGroup;
			children = (
				3AE4174728A18FBA009E1AFE /* Posts load error */,
			);
			path = SupportingViews;
			sourceTree = "<group>";
		};
		3AE4174728A18FBA009E1AFE /* Posts load error */ = {
			isa = PBXGroup;
			children = (
				3AE4174928A18FF1009E1AFE /* PostsLoadErrorViewController.swift */,
				3AE4174A28A18FF1009E1AFE /* PostsLoadErrorViewController.xib */,
			);
			path = "Posts load error";
			sourceTree = "<group>";
		};
		3AE4175128A29076009E1AFE /* TokenStorage */ = {
			isa = PBXGroup;
			children = (
				3AE4172928A12E34009E1AFE /* BaseTokenStorage.swift */,
				3AE4172B28A12E42009E1AFE /* TokenContainer.swift */,
				3AE4172D28A12E50009E1AFE /* TokenStorage.swift */,
			);
			path = TokenStorage;
			sourceTree = "<group>";
		};
		3AE4175228A291B9009E1AFE /* FavoritesStorage */ = {
			isa = PBXGroup;
			children = (
				3AE4175328A291E6009E1AFE /* FavoritesStorage.swift */,
			);
			path = FavoritesStorage;
			sourceTree = "<group>";
		};
/* End PBXGroup section */

/* Begin PBXNativeTarget section */
		3A82DD3F289988D200453EE2 /* SurfSummerSchoolProject */ = {
			isa = PBXNativeTarget;
			buildConfigurationList = 3A82DD54289988D800453EE2 /* Build configuration list for PBXNativeTarget "SurfSummerSchoolProject" */;
			buildPhases = (
				3A82DD3C289988D200453EE2 /* Sources */,
				3A82DD3D289988D200453EE2 /* Frameworks */,
				3A82DD3E289988D200453EE2 /* Resources */,
			);
			buildRules = (
			);
			dependencies = (
			);
			name = SurfSummerSchoolProject;
			productName = SurfSummerSchoolProject;
			productReference = 3A82DD40289988D200453EE2 /* SurfSummerSchoolProject.app */;
			productType = "com.apple.product-type.application";
		};
/* End PBXNativeTarget section */

/* Begin PBXProject section */
		3A82DD38289988D200453EE2 /* Project object */ = {
			isa = PBXProject;
			attributes = {
				BuildIndependentTargetsInParallel = 1;
				LastSwiftUpdateCheck = 1330;
				LastUpgradeCheck = 1330;
				TargetAttributes = {
					3A82DD3F289988D200453EE2 = {
						CreatedOnToolsVersion = 13.3.1;
					};
				};
			};
			buildConfigurationList = 3A82DD3B289988D200453EE2 /* Build configuration list for PBXProject "SurfSummerSchoolProject" */;
			compatibilityVersion = "Xcode 13.0";
			developmentRegion = en;
			hasScannedForEncodings = 0;
			knownRegions = (
				en,
				Base,
			);
			mainGroup = 3A82DD37289988D200453EE2;
			productRefGroup = 3A82DD41289988D200453EE2 /* Products */;
			projectDirPath = "";
			projectRoot = "";
			targets = (
				3A82DD3F289988D200453EE2 /* SurfSummerSchoolProject */,
			);
		};
/* End PBXProject section */

/* Begin PBXResourcesBuildPhase section */
		3A82DD3E289988D200453EE2 /* Resources */ = {
			isa = PBXResourcesBuildPhase;
			buildActionMask = 2147483647;
			files = (
				3A82DD66289C4BA900453EE2 /* AllPostsViewController.xib in Resources */,
				3A82DD50289988D800453EE2 /* LaunchScreen.storyboard in Resources */,
				3A82DD4D289988D800453EE2 /* Assets.xcassets in Resources */,
				3A82DD8C289EC45400453EE2 /* DetailedPostTitleTableViewCell.xib in Resources */,
				3AE4174C28A18FF1009E1AFE /* PostsLoadErrorViewController.xib in Resources */,
				3A82DD83289EA36A00453EE2 /* DetailedPostViewController.xib in Resources */,
				3A82DD9D28A0159A00453EE2 /* DetailedPostBodyShortedTableViewCell.xib in Resources */,
				3A82DD62289C4A9100453EE2 /* ProfileViewController.xib in Resources */,
				3A82DD7A289D942100453EE2 /* AllPostsCollectionViewCell.xib in Resources */,
				3A82DD6A289C4BC000453EE2 /* FavoritePostsViewController.xib in Resources */,
				3A6ADAF728A9629B00461A46 /* AuthViewController.xib in Resources */,
				3A82DD88289EC25B00453EE2 /* DetailedPostImageTableViewCell.xib in Resources */,
				3A82DD93289EC7B200453EE2 /* DetailedPostBodyTableViewCell.xib in Resources */,
				3A82DD98289FE24500453EE2 /* SearchPostsViewController.xib in Resources */,
			);
			runOnlyForDeploymentPostprocessing = 0;
		};
/* End PBXResourcesBuildPhase section */

/* Begin PBXSourcesBuildPhase section */
		3A82DD3C289988D200453EE2 /* Sources */ = {
			isa = PBXSourcesBuildPhase;
			buildActionMask = 2147483647;
			files = (
				3AE4173628A12EFA009E1AFE /* BaseNetworkTask.swift in Sources */,
				3AE4173C28A12F1D009E1AFE /* NetworkTask.swift in Sources */,
				3A82DD79289D942100453EE2 /* AllPostsCollectionViewCell.swift in Sources */,
				3A82DD82289EA36900453EE2 /* DetailedPostViewController.swift in Sources */,
				3A82DD76289D82EF00453EE2 /* AllPostsModel.swift in Sources */,
				3AE4172C28A12E42009E1AFE /* TokenContainer.swift in Sources */,
				3AE4173828A12F05009E1AFE /* EmptyModel.swift in Sources */,
				3A82DD9C28A0159A00453EE2 /* DetailedPostBodyShortedTableViewCell.swift in Sources */,
				3A82DD8B289EC45400453EE2 /* DetailedPostTitleTableViewCell.swift in Sources */,
				3AE4172A28A12E34009E1AFE /* BaseTokenStorage.swift in Sources */,
				3AE4173428A12EAC009E1AFE /* AuthService.swift in Sources */,
				3A82DD69289C4BC000453EE2 /* FavoritePostsViewController.swift in Sources */,
				3AE4173228A12EA3009E1AFE /* AuthResponseModel.swift in Sources */,
				3AE4172E28A12E50009E1AFE /* TokenStorage.swift in Sources */,
				3A82DD97289FE24500453EE2 /* SearchPostsViewController.swift in Sources */,
				3A82DD65289C4BA900453EE2 /* AllPostsViewController.swift in Sources */,
				3AE4174228A12FCE009E1AFE /* PictureResponseModel.swift in Sources */,
				3AE4173A28A12F12009E1AFE /* NetworkMethod.swift in Sources */,
				3AE4174B28A18FF1009E1AFE /* PostsLoadErrorViewController.swift in Sources */,
				3A6ADAFD28AA432D00461A46 /* ImagesStorage.swift in Sources */,
				3AE4173E28A12F7D009E1AFE /* ImageLoader.swift in Sources */,
				3A82DD61289C4A9100453EE2 /* ProfileViewController.swift in Sources */,
				3A6ADAFA28A9752300461A46 /* ColorsStorage.swift in Sources */,
				3AE4174428A12FDD009E1AFE /* PicturesService.swift in Sources */,
				3A82DD44289988D200453EE2 /* AppDelegate.swift in Sources */,
				3A82DD87289EC25B00453EE2 /* DetailedPostImageTableViewCell.swift in Sources */,
				3A82DD92289EC7B200453EE2 /* DetailedPostBodyTableViewCell.swift in Sources */,
				3AE4173028A12E94009E1AFE /* AuthRequestModel.swift in Sources */,
				3AE4174028A12FA9009E1AFE /* UIImageView+ImageLoader.swift in Sources */,
				3AE4175428A291E6009E1AFE /* FavoritesStorage.swift in Sources */,
				3A82DD74289C528600453EE2 /* TabBarConfigurator.swift in Sources */,
				3A82DD72289C4EC100453EE2 /* TabBarModel.swift in Sources */,
				3A6ADAF628A9629B00461A46 /* AuthViewController.swift in Sources */,
			);
			runOnlyForDeploymentPostprocessing = 0;
		};
/* End PBXSourcesBuildPhase section */

/* Begin PBXVariantGroup section */
		3A82DD4E289988D800453EE2 /* LaunchScreen.storyboard */ = {
			isa = PBXVariantGroup;
			children = (
				3A82DD4F289988D800453EE2 /* Base */,
			);
			name = LaunchScreen.storyboard;
			sourceTree = "<group>";
		};
/* End PBXVariantGroup section */

/* Begin XCBuildConfiguration section */
		3A82DD52289988D800453EE2 /* Debug */ = {
			isa = XCBuildConfiguration;
			buildSettings = {
				ALWAYS_SEARCH_USER_PATHS = NO;
				CLANG_ANALYZER_NONNULL = YES;
				CLANG_ANALYZER_NUMBER_OBJECT_CONVERSION = YES_AGGRESSIVE;
				CLANG_CXX_LANGUAGE_STANDARD = "gnu++17";
				CLANG_ENABLE_MODULES = YES;
				CLANG_ENABLE_OBJC_ARC = YES;
				CLANG_ENABLE_OBJC_WEAK = YES;
				CLANG_WARN_BLOCK_CAPTURE_AUTORELEASING = YES;
				CLANG_WARN_BOOL_CONVERSION = YES;
				CLANG_WARN_COMMA = YES;
				CLANG_WARN_CONSTANT_CONVERSION = YES;
				CLANG_WARN_DEPRECATED_OBJC_IMPLEMENTATIONS = YES;
				CLANG_WARN_DIRECT_OBJC_ISA_USAGE = YES_ERROR;
				CLANG_WARN_DOCUMENTATION_COMMENTS = YES;
				CLANG_WARN_EMPTY_BODY = YES;
				CLANG_WARN_ENUM_CONVERSION = YES;
				CLANG_WARN_INFINITE_RECURSION = YES;
				CLANG_WARN_INT_CONVERSION = YES;
				CLANG_WARN_NON_LITERAL_NULL_CONVERSION = YES;
				CLANG_WARN_OBJC_IMPLICIT_RETAIN_SELF = YES;
				CLANG_WARN_OBJC_LITERAL_CONVERSION = YES;
				CLANG_WARN_OBJC_ROOT_CLASS = YES_ERROR;
				CLANG_WARN_QUOTED_INCLUDE_IN_FRAMEWORK_HEADER = YES;
				CLANG_WARN_RANGE_LOOP_ANALYSIS = YES;
				CLANG_WARN_STRICT_PROTOTYPES = YES;
				CLANG_WARN_SUSPICIOUS_MOVE = YES;
				CLANG_WARN_UNGUARDED_AVAILABILITY = YES_AGGRESSIVE;
				CLANG_WARN_UNREACHABLE_CODE = YES;
				CLANG_WARN__DUPLICATE_METHOD_MATCH = YES;
				COPY_PHASE_STRIP = NO;
				DEBUG_INFORMATION_FORMAT = dwarf;
				ENABLE_STRICT_OBJC_MSGSEND = YES;
				ENABLE_TESTABILITY = YES;
				GCC_C_LANGUAGE_STANDARD = gnu11;
				GCC_DYNAMIC_NO_PIC = NO;
				GCC_NO_COMMON_BLOCKS = YES;
				GCC_OPTIMIZATION_LEVEL = 0;
				GCC_PREPROCESSOR_DEFINITIONS = (
					"DEBUG=1",
					"$(inherited)",
				);
				GCC_WARN_64_TO_32_BIT_CONVERSION = YES;
				GCC_WARN_ABOUT_RETURN_TYPE = YES_ERROR;
				GCC_WARN_UNDECLARED_SELECTOR = YES;
				GCC_WARN_UNINITIALIZED_AUTOS = YES_AGGRESSIVE;
				GCC_WARN_UNUSED_FUNCTION = YES;
				GCC_WARN_UNUSED_VARIABLE = YES;
				IPHONEOS_DEPLOYMENT_TARGET = 15.4;
				MTL_ENABLE_DEBUG_INFO = INCLUDE_SOURCE;
				MTL_FAST_MATH = YES;
				ONLY_ACTIVE_ARCH = YES;
				SDKROOT = iphoneos;
				SWIFT_ACTIVE_COMPILATION_CONDITIONS = DEBUG;
				SWIFT_OPTIMIZATION_LEVEL = "-Onone";
			};
			name = Debug;
		};
		3A82DD53289988D800453EE2 /* Release */ = {
			isa = XCBuildConfiguration;
			buildSettings = {
				ALWAYS_SEARCH_USER_PATHS = NO;
				CLANG_ANALYZER_NONNULL = YES;
				CLANG_ANALYZER_NUMBER_OBJECT_CONVERSION = YES_AGGRESSIVE;
				CLANG_CXX_LANGUAGE_STANDARD = "gnu++17";
				CLANG_ENABLE_MODULES = YES;
				CLANG_ENABLE_OBJC_ARC = YES;
				CLANG_ENABLE_OBJC_WEAK = YES;
				CLANG_WARN_BLOCK_CAPTURE_AUTORELEASING = YES;
				CLANG_WARN_BOOL_CONVERSION = YES;
				CLANG_WARN_COMMA = YES;
				CLANG_WARN_CONSTANT_CONVERSION = YES;
				CLANG_WARN_DEPRECATED_OBJC_IMPLEMENTATIONS = YES;
				CLANG_WARN_DIRECT_OBJC_ISA_USAGE = YES_ERROR;
				CLANG_WARN_DOCUMENTATION_COMMENTS = YES;
				CLANG_WARN_EMPTY_BODY = YES;
				CLANG_WARN_ENUM_CONVERSION = YES;
				CLANG_WARN_INFINITE_RECURSION = YES;
				CLANG_WARN_INT_CONVERSION = YES;
				CLANG_WARN_NON_LITERAL_NULL_CONVERSION = YES;
				CLANG_WARN_OBJC_IMPLICIT_RETAIN_SELF = YES;
				CLANG_WARN_OBJC_LITERAL_CONVERSION = YES;
				CLANG_WARN_OBJC_ROOT_CLASS = YES_ERROR;
				CLANG_WARN_QUOTED_INCLUDE_IN_FRAMEWORK_HEADER = YES;
				CLANG_WARN_RANGE_LOOP_ANALYSIS = YES;
				CLANG_WARN_STRICT_PROTOTYPES = YES;
				CLANG_WARN_SUSPICIOUS_MOVE = YES;
				CLANG_WARN_UNGUARDED_AVAILABILITY = YES_AGGRESSIVE;
				CLANG_WARN_UNREACHABLE_CODE = YES;
				CLANG_WARN__DUPLICATE_METHOD_MATCH = YES;
				COPY_PHASE_STRIP = NO;
				DEBUG_INFORMATION_FORMAT = "dwarf-with-dsym";
				ENABLE_NS_ASSERTIONS = NO;
				ENABLE_STRICT_OBJC_MSGSEND = YES;
				GCC_C_LANGUAGE_STANDARD = gnu11;
				GCC_NO_COMMON_BLOCKS = YES;
				GCC_WARN_64_TO_32_BIT_CONVERSION = YES;
				GCC_WARN_ABOUT_RETURN_TYPE = YES_ERROR;
				GCC_WARN_UNDECLARED_SELECTOR = YES;
				GCC_WARN_UNINITIALIZED_AUTOS = YES_AGGRESSIVE;
				GCC_WARN_UNUSED_FUNCTION = YES;
				GCC_WARN_UNUSED_VARIABLE = YES;
				IPHONEOS_DEPLOYMENT_TARGET = 15.4;
				MTL_ENABLE_DEBUG_INFO = NO;
				MTL_FAST_MATH = YES;
				SDKROOT = iphoneos;
				SWIFT_COMPILATION_MODE = wholemodule;
				SWIFT_OPTIMIZATION_LEVEL = "-O";
				VALIDATE_PRODUCT = YES;
			};
			name = Release;
		};
		3A82DD55289988D800453EE2 /* Debug */ = {
			isa = XCBuildConfiguration;
			buildSettings = {
				ASSETCATALOG_COMPILER_APPICON_NAME = AppIcon;
				ASSETCATALOG_COMPILER_GLOBAL_ACCENT_COLOR_NAME = AccentColor;
				CODE_SIGN_STYLE = Automatic;
				CURRENT_PROJECT_VERSION = 1;
				DEVELOPMENT_TEAM = X6S824DCXB;
				GENERATE_INFOPLIST_FILE = YES;
				INFOPLIST_FILE = SurfSummerSchoolProject/Application/Info.plist;
				INFOPLIST_KEY_UIApplicationSupportsIndirectInputEvents = YES;
				INFOPLIST_KEY_UILaunchStoryboardName = LaunchScreen;
				INFOPLIST_KEY_UISupportedInterfaceOrientations_iPad = "UIInterfaceOrientationPortrait UIInterfaceOrientationPortraitUpsideDown UIInterfaceOrientationLandscapeLeft UIInterfaceOrientationLandscapeRight";
				INFOPLIST_KEY_UISupportedInterfaceOrientations_iPhone = "UIInterfaceOrientationPortrait UIInterfaceOrientationLandscapeLeft UIInterfaceOrientationLandscapeRight";
				LD_RUNPATH_SEARCH_PATHS = (
					"$(inherited)",
					"@executable_path/Frameworks",
				);
				MARKETING_VERSION = 1.0;
				PRODUCT_BUNDLE_IDENTIFIER = golubeykov.SurfSummerSchoolProject;
				PRODUCT_NAME = "$(TARGET_NAME)";
				SWIFT_EMIT_LOC_STRINGS = YES;
				SWIFT_VERSION = 5.0;
				TARGETED_DEVICE_FAMILY = "1,2";
			};
			name = Debug;
		};
		3A82DD56289988D800453EE2 /* Release */ = {
			isa = XCBuildConfiguration;
			buildSettings = {
				ASSETCATALOG_COMPILER_APPICON_NAME = AppIcon;
				ASSETCATALOG_COMPILER_GLOBAL_ACCENT_COLOR_NAME = AccentColor;
				CODE_SIGN_STYLE = Automatic;
				CURRENT_PROJECT_VERSION = 1;
				DEVELOPMENT_TEAM = X6S824DCXB;
				GENERATE_INFOPLIST_FILE = YES;
				INFOPLIST_FILE = SurfSummerSchoolProject/Application/Info.plist;
				INFOPLIST_KEY_UIApplicationSupportsIndirectInputEvents = YES;
				INFOPLIST_KEY_UILaunchStoryboardName = LaunchScreen;
				INFOPLIST_KEY_UISupportedInterfaceOrientations_iPad = "UIInterfaceOrientationPortrait UIInterfaceOrientationPortraitUpsideDown UIInterfaceOrientationLandscapeLeft UIInterfaceOrientationLandscapeRight";
				INFOPLIST_KEY_UISupportedInterfaceOrientations_iPhone = "UIInterfaceOrientationPortrait UIInterfaceOrientationLandscapeLeft UIInterfaceOrientationLandscapeRight";
				LD_RUNPATH_SEARCH_PATHS = (
					"$(inherited)",
					"@executable_path/Frameworks",
				);
				MARKETING_VERSION = 1.0;
				PRODUCT_BUNDLE_IDENTIFIER = golubeykov.SurfSummerSchoolProject;
				PRODUCT_NAME = "$(TARGET_NAME)";
				SWIFT_EMIT_LOC_STRINGS = YES;
				SWIFT_VERSION = 5.0;
				TARGETED_DEVICE_FAMILY = "1,2";
			};
			name = Release;
		};
/* End XCBuildConfiguration section */

/* Begin XCConfigurationList section */
		3A82DD3B289988D200453EE2 /* Build configuration list for PBXProject "SurfSummerSchoolProject" */ = {
			isa = XCConfigurationList;
			buildConfigurations = (
				3A82DD52289988D800453EE2 /* Debug */,
				3A82DD53289988D800453EE2 /* Release */,
			);
			defaultConfigurationIsVisible = 0;
			defaultConfigurationName = Release;
		};
		3A82DD54289988D800453EE2 /* Build configuration list for PBXNativeTarget "SurfSummerSchoolProject" */ = {
			isa = XCConfigurationList;
			buildConfigurations = (
				3A82DD55289988D800453EE2 /* Debug */,
				3A82DD56289988D800453EE2 /* Release */,
			);
			defaultConfigurationIsVisible = 0;
			defaultConfigurationName = Release;
		};
/* End XCConfigurationList section */
	};
	rootObject = 3A82DD38289988D200453EE2 /* Project object */;
}
